PODS:
  - AFNetworking (4.0.1):
    - AFNetworking/NSURLSession (= 4.0.1)
    - AFNetworking/Reachability (= 4.0.1)
    - AFNetworking/Security (= 4.0.1)
    - AFNetworking/Serialization (= 4.0.1)
    - AFNetworking/UIKit (= 4.0.1)
  - AFNetworking/NSURLSession (4.0.1):
    - AFNetworking/Reachability
    - AFNetworking/Security
    - AFNetworking/Serialization
  - AFNetworking/Reachability (4.0.1)
  - AFNetworking/Security (4.0.1)
  - AFNetworking/Serialization (4.0.1)
  - AFNetworking/UIKit (4.0.1):
    - AFNetworking/NSURLSession
  - FCFileManager (1.0.20)
  - LYCategory (1.14.0)
  - LYConfigKit (1.12.0):
    - FCFileManager (~> 1.0.18)
  - LYPopView (1.14.0):
    - AFNetworking (~> 4.0.1)
    - FCFileManager (~> 1.0.20)
    - LYCategory (~> 1.14.0)

DEPENDENCIES:
  - LYConfigKit
  - LYPopView (from `../`)

SPEC REPOS:
  https://github.com/CocoaPods/Specs.git:
    - AFNetworking
    - FCFileManager
    - LYCategory
    - LYConfigKit

EXTERNAL SOURCES:
  LYPopView:
    :path: "../"

SPEC CHECKSUMS:
  AFNetworking: 3bd23d814e976cd148d7d44c3ab78017b744cd58
  FCFileManager: e0f73316e6aa2eb04d2ff4caa75fe7df1ae44270
  LYCategory: beedf5ec55523967766e9afc4e0b2ab30dc074bc
  LYConfigKit: fb180aff486386bcd386090f4a49c3c5e93d71da
  LYPopView: f6da03e46e428bcf98cda60cf9853c2a96336eeb

PODFILE CHECKSUM: f78a3c3663c88a3e8d1b4e9a01e6d643b7b82d6d

COCOAPODS: 1.11.3
