PODS:
  - AFNetworking (4.0.1):
    - AFNetworking/NSURLSession (= 4.0.1)
    - AFNetworking/Reachability (= 4.0.1)
    - AFNetworking/Security (= 4.0.1)
    - AFNetworking/Serialization (= 4.0.1)
    - AFNetworking/UIKit (= 4.0.1)
  - AFNetworking/NSURLSession (4.0.1):
    - AFNetworking/Reachability
    - AFNetworking/Security
    - AFNetworking/Serialization
  - AFNetworking/Reachability (4.0.1)
  - AFNetworking/Security (4.0.1)
  - AFNetworking/Serialization (4.0.1)
  - AFNetworking/UIKit (4.0.1):
    - AFNetworking/NSURLSession
  - FCFileManager (1.0.20)
  - LYCategory (1.13.1)
  - LYConfigKit (1.12.0):
    - FCFileManager (~> 1.0.18)
  - LYPopView (1.13.0):
    - AFNetworking (~> 4.0)
    - FCFileManager (~> 1.0.20)
    - LYCategory (~> 1.13)
    - Masonry (~> 1.1.0)
  - Masonry (1.1.0)

DEPENDENCIES:
  - LYConfigKit
  - LYPopView (from `../`)

SPEC REPOS:
  https://github.com/CocoaPods/Specs.git:
    - AFNetworking
    - FCFileManager
    - LYCategory
    - LYConfigKit
    - Masonry

EXTERNAL SOURCES:
  LYPopView:
    :path: "../"

SPEC CHECKSUMS:
  AFNetworking: 7864c38297c79aaca1500c33288e429c3451fdce
  FCFileManager: e0f73316e6aa2eb04d2ff4caa75fe7df1ae44270
  LYCategory: 106df397b4b514a8cbe7f228c34a503142d3b964
  LYConfigKit: fb180aff486386bcd386090f4a49c3c5e93d71da
  LYPopView: 5a674bcb773f790f58120213eae98118a3509048
  Masonry: 678fab65091a9290e40e2832a55e7ab731aad201

PODFILE CHECKSUM: 42087230b406db65bca2779c9adea4c38f12c8bd

COCOAPODS: 1.11.2
