PODS:
  - AFNetworking (4.0.1):
    - AFNetworking/NSURLSession (= 4.0.1)
    - AFNetworking/Reachability (= 4.0.1)
    - AFNetworking/Security (= 4.0.1)
    - AFNetworking/Serialization (= 4.0.1)
    - AFNetworking/UIKit (= 4.0.1)
  - AFNetworking/NSURLSession (4.0.1):
    - AFNetworking/Reachability
    - AFNetworking/Security
    - AFNetworking/Serialization
  - AFNetworking/Reachability (4.0.1)
  - AFNetworking/Security (4.0.1)
  - AFNetworking/Serialization (4.0.1)
  - AFNetworking/UIKit (4.0.1):
    - AFNetworking/NSURLSession
  - FCFileManager (1.0.20)
  - LYCategory (1.12.2)
  - LYConfigKit (1.12.0):
    - FCFileManager (~> 1.0.18)
  - LYPopView (1.12.1):
    - AFNetworking (~> 4.0)
    - FCFileManager (~> 1.0.20)
    - LYCategory (~> 1.12.2)
    - Masonry (~> 1.1.0)
  - Masonry (1.1.0)

DEPENDENCIES:
  - LYConfigKit
  - LYPopView (from `../`)

SPEC REPOS:
  https://github.com/CocoaPods/Specs.git:
    - AFNetworking
    - FCFileManager
    - LYCategory
    - LYConfigKit
    - Masonry

EXTERNAL SOURCES:
  LYPopView:
    :path: "../"

SPEC CHECKSUMS:
  AFNetworking: 7864c38297c79aaca1500c33288e429c3451fdce
  FCFileManager: e0f73316e6aa2eb04d2ff4caa75fe7df1ae44270
  LYCategory: d19fbbbbe07fe28e2192b89a259fdfbb91e3708c
  LYConfigKit: fb180aff486386bcd386090f4a49c3c5e93d71da
  LYPopView: 7e92e5467bef89a941295e7c5ffc4c92a4c983e7
  Masonry: 678fab65091a9290e40e2832a55e7ab731aad201

PODFILE CHECKSUM: fec7cfc37b326a947dc1071ad0d104fddcca1c54

COCOAPODS: 1.10.1
